
Microsoft Visual Studio Solution File, Format Version 12.00
# Visual Studio Version 17
VisualStudioVersion = 17.13.35919.96 d17.13
MinimumVisualStudioVersion = 10.0.40219.1
Project("{FAE04EC0-301F-11D3-BF4B-00C04F79EFBC}") = "Cruisecom", "Cruisecom.csproj", "{D0C099EC-7CD7-4C95-A54A-C390C954D76B}"
EndProject
Global
	GlobalSection(SolutionConfigurationPlatforms) = preSolution
		Debug|Any CPU = Debug|Any CPU
		Release|Any CPU = Release|Any CPU
	EndGlobalSection
	GlobalSection(ProjectConfigurationPlatforms) = postSolution
		{D0C099EC-7CD7-4C95-A54A-C390C954D76B}.Debug|Any CPU.ActiveCfg = Debug|Any CPU
		{D0C099EC-7CD7-4C95-A54A-C390C954D76B}.Debug|Any CPU.Build.0 = Debug|Any CPU
		{D0C099EC-7CD7-4C95-A54A-C390C954D76B}.Release|Any CPU.ActiveCfg = Release|Any CPU
		{D0C099EC-7CD7-4C95-A54A-C390C954D76B}.Release|Any CPU.Build.0 = Release|Any CPU
	EndGlobalSection
	GlobalSection(SolutionProperties) = preSolution
		HideSolutionNode = FALSE
	EndGlobalSection
	GlobalSection(ExtensibilityGlobals) = postSolution
		SolutionGuid = {018AB4D2-D33A-4C88-861B-3F6C028BAF3E}
	EndGlobalSection
EndGlobal
